
Microsoft Visual Studio Solution File, Format Version 12.00
# Visual Studio 15
VisualStudioVersion = 15.0.27004.2005
MinimumVisualStudioVersion = 10.0.40219.1
Project("{FAE04EC0-301F-11D3-BF4B-00C04F79EFBC}") = "POP-10", "POP-10.csproj", "{7553D452-6F38-4163-A300-4E9FC2F5CB6D}"
EndProject
Global
	GlobalSection(SolutionConfigurationPlatforms) = preSolution
		Debug|Any CPU = Debug|Any CPU
		Release|Any CPU = Release|Any CPU
	EndGlobalSection
	GlobalSection(ProjectConfigurationPlatforms) = postSolution
		{7553D452-6F38-4163-A300-4E9FC2F5CB6D}.Debug|Any CPU.ActiveCfg = Debug|Any CPU
		{7553D452-6F38-4163-A300-4E9FC2F5CB6D}.Debug|Any CPU.Build.0 = Debug|Any CPU
		{7553D452-6F38-4163-A300-4E9FC2F5CB6D}.Release|Any CPU.ActiveCfg = Release|Any CPU
		{7553D452-6F38-4163-A300-4E9FC2F5CB6D}.Release|Any CPU.Build.0 = Release|Any CPU
	EndGlobalSection
	GlobalSection(SolutionProperties) = preSolution
		HideSolutionNode = FALSE
	EndGlobalSection
	GlobalSection(ExtensibilityGlobals) = postSolution
		SolutionGuid = {EEA2AAE8-AE16-4F1A-B0CD-869AE1CD9708}
	EndGlobalSection
EndGlobal
